
Microsoft Visual Studio Solution File, Format Version 12.00
# Visual Studio Version 16
VisualStudioVersion = 16.0.30907.101
MinimumVisualStudioVersion = 10.0.40219.1
Project("{9A19103F-16F7-4668-BE54-9A1E7A4F7556}") = "CustomersMetricsLoader", "CustomersMetricsLoader\CustomersMetricsLoader.csproj", "{A9A0E90A-1356-4C18-82AB-FE2A48924B7E}"
EndProject
Project("{9A19103F-16F7-4668-BE54-9A1E7A4F7556}") = "ContosoCore", "ContosoCore\ContosoCore.csproj", "{05A98F0E-0661-4F95-9444-87CD8373D027}"
EndProject
Project("{FAE04EC0-301F-11D3-BF4B-00C04F79EFBC}") = "CustomersMetricsLoaderCore", "CustomersMetricsLoaderCore\CustomersMetricsLoaderCore.csproj", "{A6CF5CD6-3848-4288-A8E8-38D3383E4556}"
EndProject
Project("{FAE04EC0-301F-11D3-BF4B-00C04F79EFBC}") = "CustomersMetricsLoaderTests", "CustomersMetricsLoaderTests\CustomersMetricsLoaderTests.csproj", "{79A544DA-1B97-4C36-86B3-D5A71A02E97B}"
EndProject
Project("{00D1A9C2-B5F0-4AF3-8072-F6C62B433612}") = "CustomersMetricsDatabase", "CustomersMetricsDatabase\CustomersMetricsDatabase.sqlproj", "{72623BC8-B650-4241-922A-AC5074836360}"
EndProject
Global
	GlobalSection(SolutionConfigurationPlatforms) = preSolution
		Debug|Any CPU = Debug|Any CPU
		Release|Any CPU = Release|Any CPU
	EndGlobalSection
	GlobalSection(ProjectConfigurationPlatforms) = postSolution
		{A9A0E90A-1356-4C18-82AB-FE2A48924B7E}.Debug|Any CPU.ActiveCfg = Debug|Any CPU
		{A9A0E90A-1356-4C18-82AB-FE2A48924B7E}.Debug|Any CPU.Build.0 = Debug|Any CPU
		{A9A0E90A-1356-4C18-82AB-FE2A48924B7E}.Release|Any CPU.ActiveCfg = Release|Any CPU
		{A9A0E90A-1356-4C18-82AB-FE2A48924B7E}.Release|Any CPU.Build.0 = Release|Any CPU
		{05A98F0E-0661-4F95-9444-87CD8373D027}.Debug|Any CPU.ActiveCfg = Debug|Any CPU
		{05A98F0E-0661-4F95-9444-87CD8373D027}.Debug|Any CPU.Build.0 = Debug|Any CPU
		{05A98F0E-0661-4F95-9444-87CD8373D027}.Release|Any CPU.ActiveCfg = Release|Any CPU
		{05A98F0E-0661-4F95-9444-87CD8373D027}.Release|Any CPU.Build.0 = Release|Any CPU
		{A6CF5CD6-3848-4288-A8E8-38D3383E4556}.Debug|Any CPU.ActiveCfg = Debug|Any CPU
		{A6CF5CD6-3848-4288-A8E8-38D3383E4556}.Debug|Any CPU.Build.0 = Debug|Any CPU
		{A6CF5CD6-3848-4288-A8E8-38D3383E4556}.Release|Any CPU.ActiveCfg = Release|Any CPU
		{A6CF5CD6-3848-4288-A8E8-38D3383E4556}.Release|Any CPU.Build.0 = Release|Any CPU
		{79A544DA-1B97-4C36-86B3-D5A71A02E97B}.Debug|Any CPU.ActiveCfg = Debug|Any CPU
		{79A544DA-1B97-4C36-86B3-D5A71A02E97B}.Debug|Any CPU.Build.0 = Debug|Any CPU
		{79A544DA-1B97-4C36-86B3-D5A71A02E97B}.Release|Any CPU.ActiveCfg = Release|Any CPU
		{79A544DA-1B97-4C36-86B3-D5A71A02E97B}.Release|Any CPU.Build.0 = Release|Any CPU
		{72623BC8-B650-4241-922A-AC5074836360}.Debug|Any CPU.ActiveCfg = Debug|Any CPU
		{72623BC8-B650-4241-922A-AC5074836360}.Debug|Any CPU.Build.0 = Debug|Any CPU
		{72623BC8-B650-4241-922A-AC5074836360}.Debug|Any CPU.Deploy.0 = Debug|Any CPU
		{72623BC8-B650-4241-922A-AC5074836360}.Release|Any CPU.ActiveCfg = Release|Any CPU
		{72623BC8-B650-4241-922A-AC5074836360}.Release|Any CPU.Build.0 = Release|Any CPU
		{72623BC8-B650-4241-922A-AC5074836360}.Release|Any CPU.Deploy.0 = Release|Any CPU
	EndGlobalSection
	GlobalSection(SolutionProperties) = preSolution
		HideSolutionNode = FALSE
	EndGlobalSection
	GlobalSection(ExtensibilityGlobals) = postSolution
		SolutionGuid = {DC114C01-FEE4-478D-9E07-726B3254C0AF}
	EndGlobalSection
EndGlobal
