
Microsoft Visual Studio Solution File, Format Version 12.00
# Visual Studio Version 16
VisualStudioVersion = 16.0.30907.101
MinimumVisualStudioVersion = 10.0.40219.1
Project("{FAE04EC0-301F-11D3-BF4B-00C04F79EFBC}") = "CustomersMetricsLoader", "CustomersMetricsLoader\CustomersMetricsLoader.csproj", "{A9A0E90A-1356-4C18-82AB-FE2A48924B7E}"
EndProject
Project("{FAE04EC0-301F-11D3-BF4B-00C04F79EFBC}") = "ContosoCore", "ContosoCore\ContosoCore.csproj", "{05A98F0E-0661-4F95-9444-87CD8373D027}"
EndProject
Global
	GlobalSection(SolutionConfigurationPlatforms) = preSolution
		Debug|Any CPU = Debug|Any CPU
		Release|Any CPU = Release|Any CPU
	EndGlobalSection
	GlobalSection(ProjectConfigurationPlatforms) = postSolution
		{A9A0E90A-1356-4C18-82AB-FE2A48924B7E}.Debug|Any CPU.ActiveCfg = Debug|Any CPU
		{A9A0E90A-1356-4C18-82AB-FE2A48924B7E}.Debug|Any CPU.Build.0 = Debug|Any CPU
		{A9A0E90A-1356-4C18-82AB-FE2A48924B7E}.Release|Any CPU.ActiveCfg = Release|Any CPU
		{A9A0E90A-1356-4C18-82AB-FE2A48924B7E}.Release|Any CPU.Build.0 = Release|Any CPU
		{05A98F0E-0661-4F95-9444-87CD8373D027}.Debug|Any CPU.ActiveCfg = Debug|Any CPU
		{05A98F0E-0661-4F95-9444-87CD8373D027}.Debug|Any CPU.Build.0 = Debug|Any CPU
		{05A98F0E-0661-4F95-9444-87CD8373D027}.Release|Any CPU.ActiveCfg = Release|Any CPU
		{05A98F0E-0661-4F95-9444-87CD8373D027}.Release|Any CPU.Build.0 = Release|Any CPU
	EndGlobalSection
	GlobalSection(SolutionProperties) = preSolution
		HideSolutionNode = FALSE
	EndGlobalSection
	GlobalSection(ExtensibilityGlobals) = postSolution
		SolutionGuid = {DC114C01-FEE4-478D-9E07-726B3254C0AF}
	EndGlobalSection
EndGlobal
